// !$*UTF8*$!
{
	archiveVersion = 1;
	classes = {
	};
	objectVersion = 51;
	objects = {

/* Begin PBXBuildFile section */
		439D3D512639B093007D4D17 /* DataFile.swift in Sources */ = {isa = PBXBuildFile; fileRef = 439D3D502639B093007D4D17 /* DataFile.swift */; };
		439D3D5C2639E487007D4D17 /* DataManager.swift in Sources */ = {isa = PBXBuildFile; fileRef = 439D3D5B2639E487007D4D17 /* DataManager.swift */; };
		43A96BA02638443F00D5DADA /* AppDelegate.swift in Sources */ = {isa = PBXBuildFile; fileRef = 43A96B9F2638443F00D5DADA /* AppDelegate.swift */; };
		43A96BA22638443F00D5DADA /* SceneDelegate.swift in Sources */ = {isa = PBXBuildFile; fileRef = 43A96BA12638443F00D5DADA /* SceneDelegate.swift */; };
		43A96BA42638443F00D5DADA /* ViewController.swift in Sources */ = {isa = PBXBuildFile; fileRef = 43A96BA32638443F00D5DADA /* ViewController.swift */; };
		43A96BA72638443F00D5DADA /* Main.storyboard in Resources */ = {isa = PBXBuildFile; fileRef = 43A96BA52638443F00D5DADA /* Main.storyboard */; };
		43A96BA92638444100D5DADA /* Assets.xcassets in Resources */ = {isa = PBXBuildFile; fileRef = 43A96BA82638444100D5DADA /* Assets.xcassets */; };
		43A96BAC2638444100D5DADA /* LaunchScreen.storyboard in Resources */ = {isa = PBXBuildFile; fileRef = 43A96BAA2638444100D5DADA /* LaunchScreen.storyboard */; };
		546B8E4E9BF212FD1A82331E /* Pods_SpringAnime.framework in Frameworks */ = {isa = PBXBuildFile; fileRef = CA6105EE51EC7CC50A7A12FC /* Pods_SpringAnime.framework */; };
/* End PBXBuildFile section */

/* Begin PBXFileReference section */
		439D3D502639B093007D4D17 /* DataFile.swift */ = {isa = PBXFileReference; lastKnownFileType = sourcecode.swift; path = DataFile.swift; sourceTree = "<group>"; };
		439D3D5B2639E487007D4D17 /* DataManager.swift */ = {isa = PBXFileReference; lastKnownFileType = sourcecode.swift; path = DataManager.swift; sourceTree = "<group>"; };
		43A96B9C2638443F00D5DADA /* SpringAnime.app */ = {isa = PBXFileReference; explicitFileType = wrapper.application; includeInIndex = 0; path = SpringAnime.app; sourceTree = BUILT_PRODUCTS_DIR; };
		43A96B9F2638443F00D5DADA /* AppDelegate.swift */ = {isa = PBXFileReference; lastKnownFileType = sourcecode.swift; path = AppDelegate.swift; sourceTree = "<group>"; };
		43A96BA12638443F00D5DADA /* SceneDelegate.swift */ = {isa = PBXFileReference; lastKnownFileType = sourcecode.swift; path = SceneDelegate.swift; sourceTree = "<group>"; };
		43A96BA32638443F00D5DADA /* ViewController.swift */ = {isa = PBXFileReference; lastKnownFileType = sourcecode.swift; path = ViewController.swift; sourceTree = "<group>"; };
		43A96BA62638443F00D5DADA /* Base */ = {isa = PBXFileReference; lastKnownFileType = file.storyboard; name = Base; path = Base.lproj/Main.storyboard; sourceTree = "<group>"; };
		43A96BA82638444100D5DADA /* Assets.xcassets */ = {isa = PBXFileReference; lastKnownFileType = folder.assetcatalog; path = Assets.xcassets; sourceTree = "<group>"; };
		43A96BAB2638444100D5DADA /* Base */ = {isa = PBXFileReference; lastKnownFileType = file.storyboard; name = Base; path = Base.lproj/LaunchScreen.storyboard; sourceTree = "<group>"; };
		43A96BAD2638444100D5DADA /* Info.plist */ = {isa = PBXFileReference; lastKnownFileType = text.plist.xml; path = Info.plist; sourceTree = "<group>"; };
		72B608FEE3EF4E5E8E8A02ED /* Pods-SpringAnime.debug.xcconfig */ = {isa = PBXFileReference; includeInIndex = 1; lastKnownFileType = text.xcconfig; name = "Pods-SpringAnime.debug.xcconfig"; path = "Target Support Files/Pods-SpringAnime/Pods-SpringAnime.debug.xcconfig"; sourceTree = "<group>"; };
		BD0A220E387BBAA5E0EE9561 /* Pods-SpringAnime.release.xcconfig */ = {isa = PBXFileReference; includeInIndex = 1; lastKnownFileType = text.xcconfig; name = "Pods-SpringAnime.release.xcconfig"; path = "Target Support Files/Pods-SpringAnime/Pods-SpringAnime.release.xcconfig"; sourceTree = "<group>"; };
		CA6105EE51EC7CC50A7A12FC /* Pods_SpringAnime.framework */ = {isa = PBXFileReference; explicitFileType = wrapper.framework; includeInIndex = 0; path = Pods_SpringAnime.framework; sourceTree = BUILT_PRODUCTS_DIR; };
/* End PBXFileReference section */

/* Begin PBXFrameworksBuildPhase section */
		43A96B992638443F00D5DADA /* Frameworks */ = {
			isa = PBXFrameworksBuildPhase;
			buildActionMask = 2147483647;
			files = (
				546B8E4E9BF212FD1A82331E /* Pods_SpringAnime.framework in Frameworks */,
			);
			runOnlyForDeploymentPostprocessing = 0;
		};
/* End PBXFrameworksBuildPhase section */

/* Begin PBXGroup section */
		439D3D532639E157007D4D17 /* Models */ = {
			isa = PBXGroup;
			children = (
				439D3D502639B093007D4D17 /* DataFile.swift */,
				439D3D5B2639E487007D4D17 /* DataManager.swift */,
			);
			path = Models;
			sourceTree = "<group>";
		};
		439D3D552639E168007D4D17 /* ViewControllers */ = {
			isa = PBXGroup;
			children = (
				43A96BA32638443F00D5DADA /* ViewController.swift */,
			);
			path = ViewControllers;
			sourceTree = "<group>";
		};
		439D3D572639E177007D4D17 /* Resources */ = {
			isa = PBXGroup;
			children = (
				43A96BA82638444100D5DADA /* Assets.xcassets */,
			);
			path = Resources;
			sourceTree = "<group>";
		};
		439D3D582639E1A5007D4D17 /* Srotyboards */ = {
			isa = PBXGroup;
			children = (
				43A96BA52638443F00D5DADA /* Main.storyboard */,
				43A96BAA2638444100D5DADA /* LaunchScreen.storyboard */,
			);
			path = Srotyboards;
			sourceTree = "<group>";
		};
		439D3D592639E1B9007D4D17 /* Supporting */ = {
			isa = PBXGroup;
			children = (
				43A96B9F2638443F00D5DADA /* AppDelegate.swift */,
				43A96BA12638443F00D5DADA /* SceneDelegate.swift */,
			);
			path = Supporting;
			sourceTree = "<group>";
		};
		43A96B932638443F00D5DADA = {
			isa = PBXGroup;
			children = (
				43A96B9E2638443F00D5DADA /* SpringAnime */,
				43A96B9D2638443F00D5DADA /* Products */,
				DC14AD8353E8739B3AE3DFD3 /* Pods */,
				910EFBA8858820A8F36B1A07 /* Frameworks */,
			);
			sourceTree = "<group>";
		};
		43A96B9D2638443F00D5DADA /* Products */ = {
			isa = PBXGroup;
			children = (
				43A96B9C2638443F00D5DADA /* SpringAnime.app */,
			);
			name = Products;
			sourceTree = "<group>";
		};
		43A96B9E2638443F00D5DADA /* SpringAnime */ = {
			isa = PBXGroup;
			children = (
				439D3D592639E1B9007D4D17 /* Supporting */,
				439D3D552639E168007D4D17 /* ViewControllers */,
				439D3D582639E1A5007D4D17 /* Srotyboards */,
				439D3D532639E157007D4D17 /* Models */,
				439D3D572639E177007D4D17 /* Resources */,
				43A96BAD2638444100D5DADA /* Info.plist */,
			);
			path = SpringAnime;
			sourceTree = "<group>";
		};
		910EFBA8858820A8F36B1A07 /* Frameworks */ = {
			isa = PBXGroup;
			children = (
				CA6105EE51EC7CC50A7A12FC /* Pods_SpringAnime.framework */,
			);
			name = Frameworks;
			sourceTree = "<group>";
		};
		DC14AD8353E8739B3AE3DFD3 /* Pods */ = {
			isa = PBXGroup;
			children = (
				72B608FEE3EF4E5E8E8A02ED /* Pods-SpringAnime.debug.xcconfig */,
				BD0A220E387BBAA5E0EE9561 /* Pods-SpringAnime.release.xcconfig */,
			);
			path = Pods;
			sourceTree = "<group>";
		};
/* End PBXGroup section */

/* Begin PBXNativeTarget section */
		43A96B9B2638443F00D5DADA /* SpringAnime */ = {
			isa = PBXNativeTarget;
			buildConfigurationList = 43A96BB02638444100D5DADA /* Build configuration list for PBXNativeTarget "SpringAnime" */;
			buildPhases = (
				BA211ED36D4A0C7991ADDDBC /* [CP] Check Pods Manifest.lock */,
				43A96B982638443F00D5DADA /* Sources */,
				43A96B992638443F00D5DADA /* Frameworks */,
				43A96B9A2638443F00D5DADA /* Resources */,
				BC302095CD228095401EA6DF /* [CP] Embed Pods Frameworks */,
			);
			buildRules = (
			);
			dependencies = (
			);
			name = SpringAnime;
			productName = SpringAnime;
			productReference = 43A96B9C2638443F00D5DADA /* SpringAnime.app */;
			productType = "com.apple.product-type.application";
		};
/* End PBXNativeTarget section */

/* Begin PBXProject section */
		43A96B942638443F00D5DADA /* Project object */ = {
			isa = PBXProject;
			attributes = {
				LastSwiftUpdateCheck = 1240;
				LastUpgradeCheck = 1240;
				TargetAttributes = {
					43A96B9B2638443F00D5DADA = {
						CreatedOnToolsVersion = 12.4;
					};
				};
			};
			buildConfigurationList = 43A96B972638443F00D5DADA /* Build configuration list for PBXProject "SpringAnime" */;
			compatibilityVersion = "Xcode 9.3";
			developmentRegion = en;
			hasScannedForEncodings = 0;
			knownRegions = (
				en,
				Base,
			);
			mainGroup = 43A96B932638443F00D5DADA;
			productRefGroup = 43A96B9D2638443F00D5DADA /* Products */;
			projectDirPath = "";
			projectRoot = "";
			targets = (
				43A96B9B2638443F00D5DADA /* SpringAnime */,
			);
		};
/* End PBXProject section */

/* Begin PBXResourcesBuildPhase section */
		43A96B9A2638443F00D5DADA /* Resources */ = {
			isa = PBXResourcesBuildPhase;
			buildActionMask = 2147483647;
			files = (
				43A96BAC2638444100D5DADA /* LaunchScreen.storyboard in Resources */,
				43A96BA92638444100D5DADA /* Assets.xcassets in Resources */,
				43A96BA72638443F00D5DADA /* Main.storyboard in Resources */,
			);
			runOnlyForDeploymentPostprocessing = 0;
		};
/* End PBXResourcesBuildPhase section */

/* Begin PBXShellScriptBuildPhase section */
		BA211ED36D4A0C7991ADDDBC /* [CP] Check Pods Manifest.lock */ = {
			isa = PBXShellScriptBuildPhase;
			buildActionMask = 2147483647;
			files = (
			);
			inputFileListPaths = (
			);
			inputPaths = (
				"${PODS_PODFILE_DIR_PATH}/Podfile.lock",
				"${PODS_ROOT}/Manifest.lock",
			);
			name = "[CP] Check Pods Manifest.lock";
			outputFileListPaths = (
			);
			outputPaths = (
				"$(DERIVED_FILE_DIR)/Pods-SpringAnime-checkManifestLockResult.txt",
			);
			runOnlyForDeploymentPostprocessing = 0;
			shellPath = /bin/sh;
			shellScript = "diff \"${PODS_PODFILE_DIR_PATH}/Podfile.lock\" \"${PODS_ROOT}/Manifest.lock\" > /dev/null\nif [ $? != 0 ] ; then\n    # print error to STDERR\n    echo \"error: The sandbox is not in sync with the Podfile.lock. Run 'pod install' or update your CocoaPods installation.\" >&2\n    exit 1\nfi\n# This output is used by Xcode 'outputs' to avoid re-running this script phase.\necho \"SUCCESS\" > \"${SCRIPT_OUTPUT_FILE_0}\"\n";
			showEnvVarsInLog = 0;
		};
		BC302095CD228095401EA6DF /* [CP] Embed Pods Frameworks */ = {
			isa = PBXShellScriptBuildPhase;
			buildActionMask = 2147483647;
			files = (
			);
			inputFileListPaths = (
				"${PODS_ROOT}/Target Support Files/Pods-SpringAnime/Pods-SpringAnime-frameworks-${CONFIGURATION}-input-files.xcfilelist",
			);
			name = "[CP] Embed Pods Frameworks";
			outputFileListPaths = (
				"${PODS_ROOT}/Target Support Files/Pods-SpringAnime/Pods-SpringAnime-frameworks-${CONFIGURATION}-output-files.xcfilelist",
			);
			runOnlyForDeploymentPostprocessing = 0;
			shellPath = /bin/sh;
			shellScript = "\"${PODS_ROOT}/Target Support Files/Pods-SpringAnime/Pods-SpringAnime-frameworks.sh\"\n";
			showEnvVarsInLog = 0;
		};
/* End PBXShellScriptBuildPhase section */

/* Begin PBXSourcesBuildPhase section */
		43A96B982638443F00D5DADA /* Sources */ = {
			isa = PBXSourcesBuildPhase;
			buildActionMask = 2147483647;
			files = (
				43A96BA42638443F00D5DADA /* ViewController.swift in Sources */,
				439D3D5C2639E487007D4D17 /* DataManager.swift in Sources */,
				43A96BA02638443F00D5DADA /* AppDelegate.swift in Sources */,
				43A96BA22638443F00D5DADA /* SceneDelegate.swift in Sources */,
				439D3D512639B093007D4D17 /* DataFile.swift in Sources */,
			);
			runOnlyForDeploymentPostprocessing = 0;
		};
/* End PBXSourcesBuildPhase section */

/* Begin PBXVariantGroup section */
		43A96BA52638443F00D5DADA /* Main.storyboard */ = {
			isa = PBXVariantGroup;
			children = (
				43A96BA62638443F00D5DADA /* Base */,
			);
			name = Main.storyboard;
			sourceTree = "<group>";
		};
		43A96BAA2638444100D5DADA /* LaunchScreen.storyboard */ = {
			isa = PBXVariantGroup;
			children = (
				43A96BAB2638444100D5DADA /* Base */,
			);
			name = LaunchScreen.storyboard;
			sourceTree = "<group>";
		};
/* End PBXVariantGroup section */

/* Begin XCBuildConfiguration section */
		43A96BAE2638444100D5DADA /* Debug */ = {
			isa = XCBuildConfiguration;
			buildSettings = {
				ALWAYS_SEARCH_USER_PATHS = NO;
				CLANG_ANALYZER_NONNULL = YES;
				CLANG_ANALYZER_NUMBER_OBJECT_CONVERSION = YES_AGGRESSIVE;
				CLANG_CXX_LANGUAGE_STANDARD = "gnu++14";
				CLANG_CXX_LIBRARY = "libc++";
				CLANG_ENABLE_MODULES = YES;
				CLANG_ENABLE_OBJC_ARC = YES;
				CLANG_ENABLE_OBJC_WEAK = YES;
				CLANG_WARN_BLOCK_CAPTURE_AUTORELEASING = YES;
				CLANG_WARN_BOOL_CONVERSION = YES;
				CLANG_WARN_COMMA = YES;
				CLANG_WARN_CONSTANT_CONVERSION = YES;
				CLANG_WARN_DEPRECATED_OBJC_IMPLEMENTATIONS = YES;
				CLANG_WARN_DIRECT_OBJC_ISA_USAGE = YES_ERROR;
				CLANG_WARN_DOCUMENTATION_COMMENTS = YES;
				CLANG_WARN_EMPTY_BODY = YES;
				CLANG_WARN_ENUM_CONVERSION = YES;
				CLANG_WARN_INFINITE_RECURSION = YES;
				CLANG_WARN_INT_CONVERSION = YES;
				CLANG_WARN_NON_LITERAL_NULL_CONVERSION = YES;
				CLANG_WARN_OBJC_IMPLICIT_RETAIN_SELF = YES;
				CLANG_WARN_OBJC_LITERAL_CONVERSION = YES;
				CLANG_WARN_OBJC_ROOT_CLASS = YES_ERROR;
				CLANG_WARN_QUOTED_INCLUDE_IN_FRAMEWORK_HEADER = YES;
				CLANG_WARN_RANGE_LOOP_ANALYSIS = YES;
				CLANG_WARN_STRICT_PROTOTYPES = YES;
				CLANG_WARN_SUSPICIOUS_MOVE = YES;
				CLANG_WARN_UNGUARDED_AVAILABILITY = YES_AGGRESSIVE;
				CLANG_WARN_UNREACHABLE_CODE = YES;
				CLANG_WARN__DUPLICATE_METHOD_MATCH = YES;
				COPY_PHASE_STRIP = NO;
				DEBUG_INFORMATION_FORMAT = dwarf;
				ENABLE_STRICT_OBJC_MSGSEND = YES;
				ENABLE_TESTABILITY = YES;
				GCC_C_LANGUAGE_STANDARD = gnu11;
				GCC_DYNAMIC_NO_PIC = NO;
				GCC_NO_COMMON_BLOCKS = YES;
				GCC_OPTIMIZATION_LEVEL = 0;
				GCC_PREPROCESSOR_DEFINITIONS = (
					"DEBUG=1",
					"$(inherited)",
				);
				GCC_WARN_64_TO_32_BIT_CONVERSION = YES;
				GCC_WARN_ABOUT_RETURN_TYPE = YES_ERROR;
				GCC_WARN_UNDECLARED_SELECTOR = YES;
				GCC_WARN_UNINITIALIZED_AUTOS = YES_AGGRESSIVE;
				GCC_WARN_UNUSED_FUNCTION = YES;
				GCC_WARN_UNUSED_VARIABLE = YES;
				IPHONEOS_DEPLOYMENT_TARGET = 14.4;
				MTL_ENABLE_DEBUG_INFO = INCLUDE_SOURCE;
				MTL_FAST_MATH = YES;
				ONLY_ACTIVE_ARCH = YES;
				SDKROOT = iphoneos;
				SWIFT_ACTIVE_COMPILATION_CONDITIONS = DEBUG;
				SWIFT_OPTIMIZATION_LEVEL = "-Onone";
			};
			name = Debug;
		};
		43A96BAF2638444100D5DADA /* Release */ = {
			isa = XCBuildConfiguration;
			buildSettings = {
				ALWAYS_SEARCH_USER_PATHS = NO;
				CLANG_ANALYZER_NONNULL = YES;
				CLANG_ANALYZER_NUMBER_OBJECT_CONVERSION = YES_AGGRESSIVE;
				CLANG_CXX_LANGUAGE_STANDARD = "gnu++14";
				CLANG_CXX_LIBRARY = "libc++";
				CLANG_ENABLE_MODULES = YES;
				CLANG_ENABLE_OBJC_ARC = YES;
				CLANG_ENABLE_OBJC_WEAK = YES;
				CLANG_WARN_BLOCK_CAPTURE_AUTORELEASING = YES;
				CLANG_WARN_BOOL_CONVERSION = YES;
				CLANG_WARN_COMMA = YES;
				CLANG_WARN_CONSTANT_CONVERSION = YES;
				CLANG_WARN_DEPRECATED_OBJC_IMPLEMENTATIONS = YES;
				CLANG_WARN_DIRECT_OBJC_ISA_USAGE = YES_ERROR;
				CLANG_WARN_DOCUMENTATION_COMMENTS = YES;
				CLANG_WARN_EMPTY_BODY = YES;
				CLANG_WARN_ENUM_CONVERSION = YES;
				CLANG_WARN_INFINITE_RECURSION = YES;
				CLANG_WARN_INT_CONVERSION = YES;
				CLANG_WARN_NON_LITERAL_NULL_CONVERSION = YES;
				CLANG_WARN_OBJC_IMPLICIT_RETAIN_SELF = YES;
				CLANG_WARN_OBJC_LITERAL_CONVERSION = YES;
				CLANG_WARN_OBJC_ROOT_CLASS = YES_ERROR;
				CLANG_WARN_QUOTED_INCLUDE_IN_FRAMEWORK_HEADER = YES;
				CLANG_WARN_RANGE_LOOP_ANALYSIS = YES;
				CLANG_WARN_STRICT_PROTOTYPES = YES;
				CLANG_WARN_SUSPICIOUS_MOVE = YES;
				CLANG_WARN_UNGUARDED_AVAILABILITY = YES_AGGRESSIVE;
				CLANG_WARN_UNREACHABLE_CODE = YES;
				CLANG_WARN__DUPLICATE_METHOD_MATCH = YES;
				COPY_PHASE_STRIP = NO;
				DEBUG_INFORMATION_FORMAT = "dwarf-with-dsym";
				ENABLE_NS_ASSERTIONS = NO;
				ENABLE_STRICT_OBJC_MSGSEND = YES;
				GCC_C_LANGUAGE_STANDARD = gnu11;
				GCC_NO_COMMON_BLOCKS = YES;
				GCC_WARN_64_TO_32_BIT_CONVERSION = YES;
				GCC_WARN_ABOUT_RETURN_TYPE = YES_ERROR;
				GCC_WARN_UNDECLARED_SELECTOR = YES;
				GCC_WARN_UNINITIALIZED_AUTOS = YES_AGGRESSIVE;
				GCC_WARN_UNUSED_FUNCTION = YES;
				GCC_WARN_UNUSED_VARIABLE = YES;
				IPHONEOS_DEPLOYMENT_TARGET = 14.4;
				MTL_ENABLE_DEBUG_INFO = NO;
				MTL_FAST_MATH = YES;
				SDKROOT = iphoneos;
				SWIFT_COMPILATION_MODE = wholemodule;
				SWIFT_OPTIMIZATION_LEVEL = "-O";
				VALIDATE_PRODUCT = YES;
			};
			name = Release;
		};
		43A96BB12638444100D5DADA /* Debug */ = {
			isa = XCBuildConfiguration;
			baseConfigurationReference = 72B608FEE3EF4E5E8E8A02ED /* Pods-SpringAnime.debug.xcconfig */;
			buildSettings = {
				ASSETCATALOG_COMPILER_APPICON_NAME = AppIcon;
				ASSETCATALOG_COMPILER_GLOBAL_ACCENT_COLOR_NAME = AccentColor;
				CODE_SIGN_STYLE = Automatic;
				DEVELOPMENT_TEAM = X7L83V7V4P;
				INFOPLIST_FILE = SpringAnime/Info.plist;
				LD_RUNPATH_SEARCH_PATHS = (
					"$(inherited)",
					"@executable_path/Frameworks",
				);
				PRODUCT_BUNDLE_IDENTIFIER = Sergeytsev.SpringAnime;
				PRODUCT_NAME = "$(TARGET_NAME)";
				SWIFT_VERSION = 5.0;
				TARGETED_DEVICE_FAMILY = "1,2";
			};
			name = Debug;
		};
		43A96BB22638444100D5DADA /* Release */ = {
			isa = XCBuildConfiguration;
			baseConfigurationReference = BD0A220E387BBAA5E0EE9561 /* Pods-SpringAnime.release.xcconfig */;
			buildSettings = {
				ASSETCATALOG_COMPILER_APPICON_NAME = AppIcon;
				ASSETCATALOG_COMPILER_GLOBAL_ACCENT_COLOR_NAME = AccentColor;
				CODE_SIGN_STYLE = Automatic;
				DEVELOPMENT_TEAM = X7L83V7V4P;
				INFOPLIST_FILE = SpringAnime/Info.plist;
				LD_RUNPATH_SEARCH_PATHS = (
					"$(inherited)",
					"@executable_path/Frameworks",
				);
				PRODUCT_BUNDLE_IDENTIFIER = Sergeytsev.SpringAnime;
				PRODUCT_NAME = "$(TARGET_NAME)";
				SWIFT_VERSION = 5.0;
				TARGETED_DEVICE_FAMILY = "1,2";
			};
			name = Release;
		};
/* End XCBuildConfiguration section */

/* Begin XCConfigurationList section */
		43A96B972638443F00D5DADA /* Build configuration list for PBXProject "SpringAnime" */ = {
			isa = XCConfigurationList;
			buildConfigurations = (
				43A96BAE2638444100D5DADA /* Debug */,
				43A96BAF2638444100D5DADA /* Release */,
			);
			defaultConfigurationIsVisible = 0;
			defaultConfigurationName = Release;
		};
		43A96BB02638444100D5DADA /* Build configuration list for PBXNativeTarget "SpringAnime" */ = {
			isa = XCConfigurationList;
			buildConfigurations = (
				43A96BB12638444100D5DADA /* Debug */,
				43A96BB22638444100D5DADA /* Release */,
			);
			defaultConfigurationIsVisible = 0;
			defaultConfigurationName = Release;
		};
/* End XCConfigurationList section */
	};
	rootObject = 43A96B942638443F00D5DADA /* Project object */;
}
